
Microsoft Visual Studio Solution File, Format Version 12.00
# Visual Studio Version 16
VisualStudioVersion = 16.0.31624.102
MinimumVisualStudioVersion = 10.0.40219.1
Project("{FAE04EC0-301F-11D3-BF4B-00C04F79EFBC}") = "MathTester", "MathTester\MathTester.csproj", "{CE57572E-4A79-4AAA-9B12-CEB14609DA21}"
EndProject
Project("{FAE04EC0-301F-11D3-BF4B-00C04F79EFBC}") = "MathTester.Tests", "MathTester.Tests\MathTester.Tests.csproj", "{CE557F82-2290-4CB8-849A-894AA300912A}"
EndProject
Global
	GlobalSection(SolutionConfigurationPlatforms) = preSolution
		Debug|Any CPU = Debug|Any CPU
		Release|Any CPU = Release|Any CPU
	EndGlobalSection
	GlobalSection(ProjectConfigurationPlatforms) = postSolution
		{CE57572E-4A79-4AAA-9B12-CEB14609DA21}.Debug|Any CPU.ActiveCfg = Debug|Any CPU
		{CE57572E-4A79-4AAA-9B12-CEB14609DA21}.Debug|Any CPU.Build.0 = Debug|Any CPU
		{CE57572E-4A79-4AAA-9B12-CEB14609DA21}.Release|Any CPU.ActiveCfg = Release|Any CPU
		{CE57572E-4A79-4AAA-9B12-CEB14609DA21}.Release|Any CPU.Build.0 = Release|Any CPU
		{CE557F82-2290-4CB8-849A-894AA300912A}.Debug|Any CPU.ActiveCfg = Debug|Any CPU
		{CE557F82-2290-4CB8-849A-894AA300912A}.Debug|Any CPU.Build.0 = Debug|Any CPU
		{CE557F82-2290-4CB8-849A-894AA300912A}.Release|Any CPU.ActiveCfg = Release|Any CPU
		{CE557F82-2290-4CB8-849A-894AA300912A}.Release|Any CPU.Build.0 = Release|Any CPU
	EndGlobalSection
	GlobalSection(SolutionProperties) = preSolution
		HideSolutionNode = FALSE
	EndGlobalSection
	GlobalSection(ExtensibilityGlobals) = postSolution
		SolutionGuid = {E02ABAC4-D7B7-46A3-B05F-F4FDF40A731A}
	EndGlobalSection
EndGlobal
